// !$*UTF8*$!
{
	archiveVersion = 1;
	classes = {
	};
	objectVersion = 46;
	objects = {

/* Begin PBXBuildFile section */
		44B121FE5F7F5F6823A271E5 /* libPods.a in Frameworks */ = {isa = PBXBuildFile; fileRef = F691812BDFCC6F392498A4E1 /* libPods.a */; };
		F142A5D31D1A8B8F00891D30 /* GGCircleProgressView.m in Sources */ = {isa = PBXBuildFile; fileRef = F142A5D21D1A8B8F00891D30 /* GGCircleProgressView.m */; };
		F142A5D61D1A919100891D30 /* UIColor+Hexadecimal.m in Sources */ = {isa = PBXBuildFile; fileRef = F142A5D51D1A919100891D30 /* UIColor+Hexadecimal.m */; };
		F17E83E31CFC2DFE00598CED /* main.m in Sources */ = {isa = PBXBuildFile; fileRef = F17E83E21CFC2DFE00598CED /* main.m */; };
		F17E83E61CFC2DFE00598CED /* AppDelegate.m in Sources */ = {isa = PBXBuildFile; fileRef = F17E83E51CFC2DFE00598CED /* AppDelegate.m */; };
		F17E83E91CFC2DFE00598CED /* GGQuestionnaireViewController.m in Sources */ = {isa = PBXBuildFile; fileRef = F17E83E81CFC2DFE00598CED /* GGQuestionnaireViewController.m */; };
		F17E83EC1CFC2DFE00598CED /* Main.storyboard in Resources */ = {isa = PBXBuildFile; fileRef = F17E83EA1CFC2DFE00598CED /* Main.storyboard */; };
		F17E83EE1CFC2DFE00598CED /* Assets.xcassets in Resources */ = {isa = PBXBuildFile; fileRef = F17E83ED1CFC2DFE00598CED /* Assets.xcassets */; };
		F17E83F11CFC2DFE00598CED /* LaunchScreen.storyboard in Resources */ = {isa = PBXBuildFile; fileRef = F17E83EF1CFC2DFE00598CED /* LaunchScreen.storyboard */; };
		F17E83FA1CFC325C00598CED /* GGStarRatingView.m in Sources */ = {isa = PBXBuildFile; fileRef = F17E83F91CFC325C00598CED /* GGStarRatingView.m */; };
/* End PBXBuildFile section */

/* Begin PBXFileReference section */
		7CC8BBD97D3F98EDCF325673 /* Pods.release.xcconfig */ = {isa = PBXFileReference; includeInIndex = 1; lastKnownFileType = text.xcconfig; name = Pods.release.xcconfig; path = "Pods/Target Support Files/Pods/Pods.release.xcconfig"; sourceTree = "<group>"; };
		CF6064CEDF4C3131B21EE4DD /* Pods.debug.xcconfig */ = {isa = PBXFileReference; includeInIndex = 1; lastKnownFileType = text.xcconfig; name = Pods.debug.xcconfig; path = "Pods/Target Support Files/Pods/Pods.debug.xcconfig"; sourceTree = "<group>"; };
		F142A5D11D1A8B8F00891D30 /* GGCircleProgressView.h */ = {isa = PBXFileReference; fileEncoding = 4; lastKnownFileType = sourcecode.c.h; path = GGCircleProgressView.h; sourceTree = "<group>"; };
		F142A5D21D1A8B8F00891D30 /* GGCircleProgressView.m */ = {isa = PBXFileReference; fileEncoding = 4; lastKnownFileType = sourcecode.c.objc; path = GGCircleProgressView.m; sourceTree = "<group>"; };
		F142A5D41D1A919100891D30 /* UIColor+Hexadecimal.h */ = {isa = PBXFileReference; fileEncoding = 4; lastKnownFileType = sourcecode.c.h; path = "UIColor+Hexadecimal.h"; sourceTree = "<group>"; };
		F142A5D51D1A919100891D30 /* UIColor+Hexadecimal.m */ = {isa = PBXFileReference; fileEncoding = 4; lastKnownFileType = sourcecode.c.objc; path = "UIColor+Hexadecimal.m"; sourceTree = "<group>"; };
		F17E83DE1CFC2DFE00598CED /* testStarRatingView.app */ = {isa = PBXFileReference; explicitFileType = wrapper.application; includeInIndex = 0; path = testStarRatingView.app; sourceTree = BUILT_PRODUCTS_DIR; };
		F17E83E21CFC2DFE00598CED /* main.m */ = {isa = PBXFileReference; lastKnownFileType = sourcecode.c.objc; path = main.m; sourceTree = "<group>"; };
		F17E83E41CFC2DFE00598CED /* AppDelegate.h */ = {isa = PBXFileReference; lastKnownFileType = sourcecode.c.h; path = AppDelegate.h; sourceTree = "<group>"; };
		F17E83E51CFC2DFE00598CED /* AppDelegate.m */ = {isa = PBXFileReference; lastKnownFileType = sourcecode.c.objc; path = AppDelegate.m; sourceTree = "<group>"; };
		F17E83E71CFC2DFE00598CED /* GGQuestionnaireViewController.h */ = {isa = PBXFileReference; lastKnownFileType = sourcecode.c.h; path = GGQuestionnaireViewController.h; sourceTree = "<group>"; };
		F17E83E81CFC2DFE00598CED /* GGQuestionnaireViewController.m */ = {isa = PBXFileReference; lastKnownFileType = sourcecode.c.objc; path = GGQuestionnaireViewController.m; sourceTree = "<group>"; };
		F17E83EB1CFC2DFE00598CED /* Base */ = {isa = PBXFileReference; lastKnownFileType = file.storyboard; name = Base; path = Base.lproj/Main.storyboard; sourceTree = "<group>"; };
		F17E83ED1CFC2DFE00598CED /* Assets.xcassets */ = {isa = PBXFileReference; lastKnownFileType = folder.assetcatalog; path = Assets.xcassets; sourceTree = "<group>"; };
		F17E83F01CFC2DFE00598CED /* Base */ = {isa = PBXFileReference; lastKnownFileType = file.storyboard; name = Base; path = Base.lproj/LaunchScreen.storyboard; sourceTree = "<group>"; };
		F17E83F21CFC2DFE00598CED /* Info.plist */ = {isa = PBXFileReference; lastKnownFileType = text.plist.xml; path = Info.plist; sourceTree = "<group>"; };
		F17E83F81CFC325C00598CED /* GGStarRatingView.h */ = {isa = PBXFileReference; fileEncoding = 4; lastKnownFileType = sourcecode.c.h; path = GGStarRatingView.h; sourceTree = "<group>"; };
		F17E83F91CFC325C00598CED /* GGStarRatingView.m */ = {isa = PBXFileReference; fileEncoding = 4; lastKnownFileType = sourcecode.c.objc; path = GGStarRatingView.m; sourceTree = "<group>"; };
		F691812BDFCC6F392498A4E1 /* libPods.a */ = {isa = PBXFileReference; explicitFileType = archive.ar; includeInIndex = 0; path = libPods.a; sourceTree = BUILT_PRODUCTS_DIR; };
/* End PBXFileReference section */

/* Begin PBXFrameworksBuildPhase section */
		F17E83DB1CFC2DFE00598CED /* Frameworks */ = {
			isa = PBXFrameworksBuildPhase;
			buildActionMask = 2147483647;
			files = (
				44B121FE5F7F5F6823A271E5 /* libPods.a in Frameworks */,
			);
			runOnlyForDeploymentPostprocessing = 0;
		};
/* End PBXFrameworksBuildPhase section */

/* Begin PBXGroup section */
		66B7CC547A19D6DC03A12629 /* Frameworks */ = {
			isa = PBXGroup;
			children = (
				F691812BDFCC6F392498A4E1 /* libPods.a */,
			);
			name = Frameworks;
			sourceTree = "<group>";
		};
		8A06164F76C85165F62F6F46 /* Pods */ = {
			isa = PBXGroup;
			children = (
				CF6064CEDF4C3131B21EE4DD /* Pods.debug.xcconfig */,
				7CC8BBD97D3F98EDCF325673 /* Pods.release.xcconfig */,
			);
			name = Pods;
			sourceTree = "<group>";
		};
		F17E83D51CFC2DFE00598CED = {
			isa = PBXGroup;
			children = (
				F17E83E01CFC2DFE00598CED /* testStarRatingView */,
				F17E83DF1CFC2DFE00598CED /* Products */,
				8A06164F76C85165F62F6F46 /* Pods */,
				66B7CC547A19D6DC03A12629 /* Frameworks */,
			);
			sourceTree = "<group>";
		};
		F17E83DF1CFC2DFE00598CED /* Products */ = {
			isa = PBXGroup;
			children = (
				F17E83DE1CFC2DFE00598CED /* testStarRatingView.app */,
			);
			name = Products;
			sourceTree = "<group>";
		};
		F17E83E01CFC2DFE00598CED /* testStarRatingView */ = {
			isa = PBXGroup;
			children = (
				F142A5D11D1A8B8F00891D30 /* GGCircleProgressView.h */,
				F142A5D21D1A8B8F00891D30 /* GGCircleProgressView.m */,
				F142A5D41D1A919100891D30 /* UIColor+Hexadecimal.h */,
				F142A5D51D1A919100891D30 /* UIColor+Hexadecimal.m */,
				F17E83E41CFC2DFE00598CED /* AppDelegate.h */,
				F17E83E51CFC2DFE00598CED /* AppDelegate.m */,
				F17E83E71CFC2DFE00598CED /* GGQuestionnaireViewController.h */,
				F17E83E81CFC2DFE00598CED /* GGQuestionnaireViewController.m */,
				F17E83F81CFC325C00598CED /* GGStarRatingView.h */,
				F17E83F91CFC325C00598CED /* GGStarRatingView.m */,
				F17E83EA1CFC2DFE00598CED /* Main.storyboard */,
				F17E83ED1CFC2DFE00598CED /* Assets.xcassets */,
				F17E83EF1CFC2DFE00598CED /* LaunchScreen.storyboard */,
				F17E83F21CFC2DFE00598CED /* Info.plist */,
				F17E83E11CFC2DFE00598CED /* Supporting Files */,
			);
			path = testStarRatingView;
			sourceTree = "<group>";
		};
		F17E83E11CFC2DFE00598CED /* Supporting Files */ = {
			isa = PBXGroup;
			children = (
				F17E83E21CFC2DFE00598CED /* main.m */,
			);
			name = "Supporting Files";
			sourceTree = "<group>";
		};
/* End PBXGroup section */

/* Begin PBXNativeTarget section */
		F17E83DD1CFC2DFE00598CED /* testStarRatingView */ = {
			isa = PBXNativeTarget;
			buildConfigurationList = F17E83F51CFC2DFE00598CED /* Build configuration list for PBXNativeTarget "testStarRatingView" */;
			buildPhases = (
				7447030400618753FE89FF47 /* Check Pods Manifest.lock */,
				F17E83DA1CFC2DFE00598CED /* Sources */,
				F17E83DB1CFC2DFE00598CED /* Frameworks */,
				F17E83DC1CFC2DFE00598CED /* Resources */,
				735DB9AE7E40D709369025A0 /* Embed Pods Frameworks */,
				65C2C727D2C1BB8871A2B128 /* Copy Pods Resources */,
			);
			buildRules = (
			);
			dependencies = (
			);
			name = testStarRatingView;
			productName = testStarRatingView;
			productReference = F17E83DE1CFC2DFE00598CED /* testStarRatingView.app */;
			productType = "com.apple.product-type.application";
		};
/* End PBXNativeTarget section */

/* Begin PBXProject section */
		F17E83D61CFC2DFE00598CED /* Project object */ = {
			isa = PBXProject;
			attributes = {
				LastUpgradeCheck = 0730;
				ORGANIZATIONNAME = Clark;
				TargetAttributes = {
					F17E83DD1CFC2DFE00598CED = {
						CreatedOnToolsVersion = 7.3.1;
					};
				};
			};
			buildConfigurationList = F17E83D91CFC2DFE00598CED /* Build configuration list for PBXProject "testStarRatingView" */;
			compatibilityVersion = "Xcode 3.2";
			developmentRegion = English;
			hasScannedForEncodings = 0;
			knownRegions = (
				en,
				Base,
			);
			mainGroup = F17E83D51CFC2DFE00598CED;
			productRefGroup = F17E83DF1CFC2DFE00598CED /* Products */;
			projectDirPath = "";
			projectRoot = "";
			targets = (
				F17E83DD1CFC2DFE00598CED /* testStarRatingView */,
			);
		};
/* End PBXProject section */

/* Begin PBXResourcesBuildPhase section */
		F17E83DC1CFC2DFE00598CED /* Resources */ = {
			isa = PBXResourcesBuildPhase;
			buildActionMask = 2147483647;
			files = (
				F17E83F11CFC2DFE00598CED /* LaunchScreen.storyboard in Resources */,
				F17E83EE1CFC2DFE00598CED /* Assets.xcassets in Resources */,
				F17E83EC1CFC2DFE00598CED /* Main.storyboard in Resources */,
			);
			runOnlyForDeploymentPostprocessing = 0;
		};
/* End PBXResourcesBuildPhase section */

/* Begin PBXShellScriptBuildPhase section */
		65C2C727D2C1BB8871A2B128 /* Copy Pods Resources */ = {
			isa = PBXShellScriptBuildPhase;
			buildActionMask = 2147483647;
			files = (
			);
			inputPaths = (
			);
			name = "Copy Pods Resources";
			outputPaths = (
			);
			runOnlyForDeploymentPostprocessing = 0;
			shellPath = /bin/sh;
			shellScript = "\"${SRCROOT}/Pods/Target Support Files/Pods/Pods-resources.sh\"\n";
			showEnvVarsInLog = 0;
		};
		735DB9AE7E40D709369025A0 /* Embed Pods Frameworks */ = {
			isa = PBXShellScriptBuildPhase;
			buildActionMask = 2147483647;
			files = (
			);
			inputPaths = (
			);
			name = "Embed Pods Frameworks";
			outputPaths = (
			);
			runOnlyForDeploymentPostprocessing = 0;
			shellPath = /bin/sh;
			shellScript = "\"${SRCROOT}/Pods/Target Support Files/Pods/Pods-frameworks.sh\"\n";
			showEnvVarsInLog = 0;
		};
		7447030400618753FE89FF47 /* Check Pods Manifest.lock */ = {
			isa = PBXShellScriptBuildPhase;
			buildActionMask = 2147483647;
			files = (
			);
			inputPaths = (
			);
			name = "Check Pods Manifest.lock";
			outputPaths = (
			);
			runOnlyForDeploymentPostprocessing = 0;
			shellPath = /bin/sh;
			shellScript = "diff \"${PODS_ROOT}/../Podfile.lock\" \"${PODS_ROOT}/Manifest.lock\" > /dev/null\nif [[ $? != 0 ]] ; then\n    cat << EOM\nerror: The sandbox is not in sync with the Podfile.lock. Run 'pod install' or update your CocoaPods installation.\nEOM\n    exit 1\nfi\n";
			showEnvVarsInLog = 0;
		};
/* End PBXShellScriptBuildPhase section */

/* Begin PBXSourcesBuildPhase section */
		F17E83DA1CFC2DFE00598CED /* Sources */ = {
			isa = PBXSourcesBuildPhase;
			buildActionMask = 2147483647;
			files = (
				F17E83E91CFC2DFE00598CED /* GGQuestionnaireViewController.m in Sources */,
				F142A5D61D1A919100891D30 /* UIColor+Hexadecimal.m in Sources */,
				F17E83FA1CFC325C00598CED /* GGStarRatingView.m in Sources */,
				F142A5D31D1A8B8F00891D30 /* GGCircleProgressView.m in Sources */,
				F17E83E61CFC2DFE00598CED /* AppDelegate.m in Sources */,
				F17E83E31CFC2DFE00598CED /* main.m in Sources */,
			);
			runOnlyForDeploymentPostprocessing = 0;
		};
/* End PBXSourcesBuildPhase section */

/* Begin PBXVariantGroup section */
		F17E83EA1CFC2DFE00598CED /* Main.storyboard */ = {
			isa = PBXVariantGroup;
			children = (
				F17E83EB1CFC2DFE00598CED /* Base */,
			);
			name = Main.storyboard;
			sourceTree = "<group>";
		};
		F17E83EF1CFC2DFE00598CED /* LaunchScreen.storyboard */ = {
			isa = PBXVariantGroup;
			children = (
				F17E83F01CFC2DFE00598CED /* Base */,
			);
			name = LaunchScreen.storyboard;
			sourceTree = "<group>";
		};
/* End PBXVariantGroup section */

/* Begin XCBuildConfiguration section */
		F17E83F31CFC2DFE00598CED /* Debug */ = {
			isa = XCBuildConfiguration;
			buildSettings = {
				ALWAYS_SEARCH_USER_PATHS = NO;
				CLANG_ANALYZER_NONNULL = YES;
				CLANG_CXX_LANGUAGE_STANDARD = "gnu++0x";
				CLANG_CXX_LIBRARY = "libc++";
				CLANG_ENABLE_MODULES = YES;
				CLANG_ENABLE_OBJC_ARC = YES;
				CLANG_WARN_BOOL_CONVERSION = YES;
				CLANG_WARN_CONSTANT_CONVERSION = YES;
				CLANG_WARN_DIRECT_OBJC_ISA_USAGE = YES_ERROR;
				CLANG_WARN_EMPTY_BODY = YES;
				CLANG_WARN_ENUM_CONVERSION = YES;
				CLANG_WARN_INT_CONVERSION = YES;
				CLANG_WARN_OBJC_ROOT_CLASS = YES_ERROR;
				CLANG_WARN_UNREACHABLE_CODE = YES;
				CLANG_WARN__DUPLICATE_METHOD_MATCH = YES;
				"CODE_SIGN_IDENTITY[sdk=iphoneos*]" = "iPhone Developer";
				COPY_PHASE_STRIP = NO;
				DEBUG_INFORMATION_FORMAT = dwarf;
				ENABLE_STRICT_OBJC_MSGSEND = YES;
				ENABLE_TESTABILITY = YES;
				GCC_C_LANGUAGE_STANDARD = gnu99;
				GCC_DYNAMIC_NO_PIC = NO;
				GCC_NO_COMMON_BLOCKS = YES;
				GCC_OPTIMIZATION_LEVEL = 0;
				GCC_PREPROCESSOR_DEFINITIONS = (
					"DEBUG=1",
					"$(inherited)",
				);
				GCC_WARN_64_TO_32_BIT_CONVERSION = YES;
				GCC_WARN_ABOUT_RETURN_TYPE = YES_ERROR;
				GCC_WARN_UNDECLARED_SELECTOR = YES;
				GCC_WARN_UNINITIALIZED_AUTOS = YES_AGGRESSIVE;
				GCC_WARN_UNUSED_FUNCTION = YES;
				GCC_WARN_UNUSED_VARIABLE = YES;
				IPHONEOS_DEPLOYMENT_TARGET = 9.3;
				MTL_ENABLE_DEBUG_INFO = YES;
				ONLY_ACTIVE_ARCH = YES;
				SDKROOT = iphoneos;
				TARGETED_DEVICE_FAMILY = "1,2";
			};
			name = Debug;
		};
		F17E83F41CFC2DFE00598CED /* Release */ = {
			isa = XCBuildConfiguration;
			buildSettings = {
				ALWAYS_SEARCH_USER_PATHS = NO;
				CLANG_ANALYZER_NONNULL = YES;
				CLANG_CXX_LANGUAGE_STANDARD = "gnu++0x";
				CLANG_CXX_LIBRARY = "libc++";
				CLANG_ENABLE_MODULES = YES;
				CLANG_ENABLE_OBJC_ARC = YES;
				CLANG_WARN_BOOL_CONVERSION = YES;
				CLANG_WARN_CONSTANT_CONVERSION = YES;
				CLANG_WARN_DIRECT_OBJC_ISA_USAGE = YES_ERROR;
				CLANG_WARN_EMPTY_BODY = YES;
				CLANG_WARN_ENUM_CONVERSION = YES;
				CLANG_WARN_INT_CONVERSION = YES;
				CLANG_WARN_OBJC_ROOT_CLASS = YES_ERROR;
				CLANG_WARN_UNREACHABLE_CODE = YES;
				CLANG_WARN__DUPLICATE_METHOD_MATCH = YES;
				"CODE_SIGN_IDENTITY[sdk=iphoneos*]" = "iPhone Developer";
				COPY_PHASE_STRIP = NO;
				DEBUG_INFORMATION_FORMAT = "dwarf-with-dsym";
				ENABLE_NS_ASSERTIONS = NO;
				ENABLE_STRICT_OBJC_MSGSEND = YES;
				GCC_C_LANGUAGE_STANDARD = gnu99;
				GCC_NO_COMMON_BLOCKS = YES;
				GCC_WARN_64_TO_32_BIT_CONVERSION = YES;
				GCC_WARN_ABOUT_RETURN_TYPE = YES_ERROR;
				GCC_WARN_UNDECLARED_SELECTOR = YES;
				GCC_WARN_UNINITIALIZED_AUTOS = YES_AGGRESSIVE;
				GCC_WARN_UNUSED_FUNCTION = YES;
				GCC_WARN_UNUSED_VARIABLE = YES;
				IPHONEOS_DEPLOYMENT_TARGET = 9.3;
				MTL_ENABLE_DEBUG_INFO = NO;
				SDKROOT = iphoneos;
				TARGETED_DEVICE_FAMILY = "1,2";
				VALIDATE_PRODUCT = YES;
			};
			name = Release;
		};
		F17E83F61CFC2DFE00598CED /* Debug */ = {
			isa = XCBuildConfiguration;
			baseConfigurationReference = CF6064CEDF4C3131B21EE4DD /* Pods.debug.xcconfig */;
			buildSettings = {
				ASSETCATALOG_COMPILER_APPICON_NAME = AppIcon;
				INFOPLIST_FILE = testStarRatingView/Info.plist;
				LD_RUNPATH_SEARCH_PATHS = "$(inherited) @executable_path/Frameworks";
				PRODUCT_BUNDLE_IDENTIFIER = clark.testStarRatingView;
				PRODUCT_NAME = "$(TARGET_NAME)";
			};
			name = Debug;
		};
		F17E83F71CFC2DFE00598CED /* Release */ = {
			isa = XCBuildConfiguration;
			baseConfigurationReference = 7CC8BBD97D3F98EDCF325673 /* Pods.release.xcconfig */;
			buildSettings = {
				ASSETCATALOG_COMPILER_APPICON_NAME = AppIcon;
				INFOPLIST_FILE = testStarRatingView/Info.plist;
				LD_RUNPATH_SEARCH_PATHS = "$(inherited) @executable_path/Frameworks";
				PRODUCT_BUNDLE_IDENTIFIER = clark.testStarRatingView;
				PRODUCT_NAME = "$(TARGET_NAME)";
			};
			name = Release;
		};
/* End XCBuildConfiguration section */

/* Begin XCConfigurationList section */
		F17E83D91CFC2DFE00598CED /* Build configuration list for PBXProject "testStarRatingView" */ = {
			isa = XCConfigurationList;
			buildConfigurations = (
				F17E83F31CFC2DFE00598CED /* Debug */,
				F17E83F41CFC2DFE00598CED /* Release */,
			);
			defaultConfigurationIsVisible = 0;
			defaultConfigurationName = Release;
		};
		F17E83F51CFC2DFE00598CED /* Build configuration list for PBXNativeTarget "testStarRatingView" */ = {
			isa = XCConfigurationList;
			buildConfigurations = (
				F17E83F61CFC2DFE00598CED /* Debug */,
				F17E83F71CFC2DFE00598CED /* Release */,
			);
			defaultConfigurationIsVisible = 0;
			defaultConfigurationName = Release;
		};
/* End XCConfigurationList section */
	};
	rootObject = F17E83D61CFC2DFE00598CED /* Project object */;
}
